{
  "name": "cli-plugins-examples",
  "version": "0.0.1",
  "lockfileVersion": 1,
  "requires": true,
  "dependencies": {
    "cli-plugins": {
      "version": "0.0.4",
      "resolved": "https://registry.npmjs.org/cli-plugins/-/cli-plugins-0.0.4.tgz",
      "integrity": "sha512-pdgzLkzOT2OKFgGeh6aNGqN+1QHmH4BXL3Prpgh8MvJw+tMXurWFCLZ7SAvKGYPbETZByI1EZ0p9JIofCcxrUg=="
    }
  }
}
