{
  "name": "cli-plugins-examples",
  "version": "0.0.1",
  "lockfileVersion": 1,
  "requires": true,
  "dependencies": {
    "cli-plugins": {
      "version": "0.0.4",
      "resolved": "https://registry.npmjs.org/cli-plugins/-/cli-plugins-0.0.4.tgz",
      "integrity": "sha512-pdgzLkzOT2OKFgGeh6aNGqN+1QHmH4BXL3Prpgh8MvJw+tMXurWFCLZ7SAvKGYPbETZByI1EZ0p9JIofCcxrUg=="
    },
    "cli-plugins-example-hello-world": {
      "version": "0.0.0",
      "resolved": "https://registry.npmjs.org/cli-plugins-example-hello-world/-/cli-plugins-example-hello-world-0.0.0.tgz",
      "integrity": "sha512-yW0vefimKGgQIES3Wl6Wi5wvGaPeRw9qDEjK5GsMLKaaen0ao8qaPxRvn49Ct6cEKwX9NrqJ6brOr/frBzCdpA=="
    }
  }
}
